# This file is automatically @generated by Cargo.
# It is not intended for manual editing.
version = 4

[[package]]
name = "umineko"
version = "0.1.0"
dependencies = [
 "umineko-codec",
 "umineko-crypto",
 "umineko-hash",
 "umineko-helpers",
 "umineko-protocol",
 "umineko-provider",
 "umineko-provider-auto",
 "umineko-url",
]

[[package]]
name = "umineko-codec"
version = "0.1.0"
dependencies = [
 "umineko-codec-base",
 "umineko-codec-brotli",
 "umineko-codec-deflate",
 "umineko-codec-gzip",
 "umineko-codec-huffman",
 "umineko-codec-lz4",
 "umineko-codec-lz77",
 "umineko-codec-lz78",
 "umineko-codec-lzma",
 "umineko-codec-lzss",
 "umineko-codec-rle",
 "umineko-codec-zstandard",
]

[[package]]
name = "umineko-codec-base"
version = "0.1.0"

[[package]]
name = "umineko-codec-brotli"
version = "0.1.0"
dependencies = [
 "umineko-codec-huffman",
 "umineko-codec-lz77",
 "umineko-helpers",
]

[[package]]
name = "umineko-codec-deflate"
version = "0.1.0"
dependencies = [
 "umineko-codec-huffman",
 "umineko-codec-lz77",
 "umineko-helpers",
]

[[package]]
name = "umineko-codec-gzip"
version = "0.1.0"
dependencies = [
 "umineko-codec-deflate",
 "umineko-hash-crc",
 "umineko-helpers",
]

[[package]]
name = "umineko-codec-huffman"
version = "0.1.0"

[[package]]
name = "umineko-codec-lz4"
version = "0.1.0"
dependencies = [
 "umineko-helpers",
]

[[package]]
name = "umineko-codec-lz77"
version = "0.1.0"
dependencies = [
 "umineko-helpers",
]

[[package]]
name = "umineko-codec-lz78"
version = "0.1.0"
dependencies = [
 "umineko-helpers",
]

[[package]]
name = "umineko-codec-lzma"
version = "0.1.0"
dependencies = [
 "umineko-helpers",
]

[[package]]
name = "umineko-codec-lzss"
version = "0.1.0"
dependencies = [
 "umineko-helpers",
]

[[package]]
name = "umineko-codec-rle"
version = "0.1.0"
dependencies = [
 "umineko-helpers",
]

[[package]]
name = "umineko-codec-zstandard"
version = "0.1.0"
dependencies = [
 "umineko-codec-huffman",
 "umineko-codec-lz77",
 "umineko-hash-xxhash",
 "umineko-helpers",
]

[[package]]
name = "umineko-crypto"
version = "0.1.0"
dependencies = [
 "umineko-crypto-aes",
 "umineko-crypto-argon2",
 "umineko-crypto-ascon",
 "umineko-crypto-chacha20",
 "umineko-crypto-des",
 "umineko-crypto-ecdh",
 "umineko-crypto-ecdsa",
 "umineko-crypto-eddsa",
 "umineko-crypto-hkdf",
 "umineko-crypto-hqc",
 "umineko-crypto-hybrid",
 "umineko-crypto-mldsa",
 "umineko-crypto-mlkem",
 "umineko-crypto-pbkdf2",
 "umineko-crypto-poly1305",
 "umineko-crypto-rsa",
 "umineko-crypto-scrypt",
 "umineko-crypto-slhdsa",
]

[[package]]
name = "umineko-crypto-aes"
version = "0.1.0"
dependencies = [
 "umineko-helpers",
]

[[package]]
name = "umineko-crypto-argon2"
version = "0.1.0"
dependencies = [
 "umineko-helpers",
]

[[package]]
name = "umineko-crypto-ascon"
version = "0.1.0"
dependencies = [
 "umineko-helpers",
]

[[package]]
name = "umineko-crypto-chacha20"
version = "0.1.0"
dependencies = [
 "umineko-helpers",
]

[[package]]
name = "umineko-crypto-des"
version = "0.1.0"
dependencies = [
 "umineko-helpers",
]

[[package]]
name = "umineko-crypto-ecdh"
version = "0.1.0"
dependencies = [
 "umineko-helpers",
]

[[package]]
name = "umineko-crypto-ecdsa"
version = "0.1.0"
dependencies = [
 "umineko-helpers",
]

[[package]]
name = "umineko-crypto-eddsa"
version = "0.1.0"
dependencies = [
 "umineko-helpers",
]

[[package]]
name = "umineko-crypto-hkdf"
version = "0.1.0"
dependencies = [
 "umineko-helpers",
]

[[package]]
name = "umineko-crypto-hqc"
version = "0.1.0"
dependencies = [
 "umineko-helpers",
]

[[package]]
name = "umineko-crypto-hybrid"
version = "0.1.0"
dependencies = [
 "umineko-crypto-ecdh",
 "umineko-crypto-mlkem",
]

[[package]]
name = "umineko-crypto-mldsa"
version = "0.1.0"
dependencies = [
 "umineko-helpers",
]

[[package]]
name = "umineko-crypto-mlkem"
version = "0.1.0"
dependencies = [
 "umineko-helpers",
]

[[package]]
name = "umineko-crypto-pbkdf2"
version = "0.1.0"
dependencies = [
 "umineko-helpers",
]

[[package]]
name = "umineko-crypto-poly1305"
version = "0.1.0"
dependencies = [
 "umineko-helpers",
]

[[package]]
name = "umineko-crypto-rsa"
version = "0.1.0"
dependencies = [
 "umineko-helpers",
]

[[package]]
name = "umineko-crypto-scrypt"
version = "0.1.0"
dependencies = [
 "umineko-helpers",
]

[[package]]
name = "umineko-crypto-slhdsa"
version = "0.1.0"
dependencies = [
 "umineko-helpers",
]

[[package]]
name = "umineko-ffi"
version = "0.1.0"
dependencies = [
 "umineko",
]

[[package]]
name = "umineko-hash"
version = "0.1.0"
dependencies = [
 "umineko-hash-blake",
 "umineko-hash-crc",
 "umineko-hash-md",
 "umineko-hash-ripemd",
 "umineko-hash-sha",
 "umineko-hash-siphash",
 "umineko-hash-sm3",
 "umineko-hash-xxhash",
]

[[package]]
name = "umineko-hash-blake"
version = "0.1.0"
dependencies = [
 "umineko-helpers",
]

[[package]]
name = "umineko-hash-crc"
version = "0.1.0"
dependencies = [
 "umineko-helpers",
]

[[package]]
name = "umineko-hash-md"
version = "0.1.0"
dependencies = [
 "umineko-helpers",
]

[[package]]
name = "umineko-hash-ripemd"
version = "0.1.0"
dependencies = [
 "umineko-helpers",
]

[[package]]
name = "umineko-hash-sha"
version = "0.1.0"
dependencies = [
 "umineko-helpers",
]

[[package]]
name = "umineko-hash-siphash"
version = "0.1.0"
dependencies = [
 "umineko-helpers",
]

[[package]]
name = "umineko-hash-sm3"
version = "0.1.0"
dependencies = [
 "umineko-helpers",
]

[[package]]
name = "umineko-hash-xxhash"
version = "0.1.0"
dependencies = [
 "umineko-helpers",
]

[[package]]
name = "umineko-helpers"
version = "0.1.0"

[[package]]
name = "umineko-protocol"
version = "0.1.0"
dependencies = [
 "umineko-protocol-arp",
 "umineko-protocol-coap",
 "umineko-protocol-dhcp",
 "umineko-protocol-dns",
 "umineko-protocol-ftp",
 "umineko-protocol-http",
 "umineko-protocol-icmp",
 "umineko-protocol-imap",
 "umineko-protocol-ip",
 "umineko-protocol-jwt",
 "umineko-protocol-mail",
 "umineko-protocol-mqtt",
 "umineko-protocol-ndp",
 "umineko-protocol-ntp",
 "umineko-protocol-oauth",
 "umineko-protocol-pop3",
 "umineko-protocol-quic",
 "umineko-protocol-smtp",
 "umineko-protocol-socks",
 "umineko-protocol-ssh",
 "umineko-protocol-tcp",
 "umineko-protocol-tls",
 "umineko-protocol-udp",
 "umineko-protocol-uds",
]

[[package]]
name = "umineko-protocol-arp"
version = "0.1.0"
dependencies = [
 "umineko-protocol-ip",
]

[[package]]
name = "umineko-protocol-coap"
version = "0.1.0"

[[package]]
name = "umineko-protocol-dhcp"
version = "0.1.0"
dependencies = [
 "umineko-protocol-ip",
]

[[package]]
name = "umineko-protocol-dns"
version = "0.1.0"
dependencies = [
 "umineko-helpers",
 "umineko-protocol-http",
 "umineko-protocol-quic",
 "umineko-protocol-tcp",
 "umineko-protocol-tls",
 "umineko-protocol-udp",
]

[[package]]
name = "umineko-protocol-ftp"
version = "0.1.0"

[[package]]
name = "umineko-protocol-http"
version = "0.1.0"
dependencies = [
 "umineko-helpers",
 "umineko-protocol-quic",
 "umineko-protocol-tcp",
 "umineko-protocol-tls",
 "umineko-protocol-uds",
 "umineko-url",
]

[[package]]
name = "umineko-protocol-icmp"
version = "0.1.0"
dependencies = [
 "umineko-helpers",
 "umineko-protocol-ip",
]

[[package]]
name = "umineko-protocol-imap"
version = "0.1.0"

[[package]]
name = "umineko-protocol-ip"
version = "0.1.0"
dependencies = [
 "umineko-helpers",
]

[[package]]
name = "umineko-protocol-jwt"
version = "0.1.0"
dependencies = [
 "umineko-codec-base",
]

[[package]]
name = "umineko-protocol-mail"
version = "0.1.0"
dependencies = [
 "umineko-protocol-dns",
]

[[package]]
name = "umineko-protocol-mqtt"
version = "0.1.0"

[[package]]
name = "umineko-protocol-ndp"
version = "0.1.0"
dependencies = [
 "umineko-protocol-icmp",
 "umineko-protocol-ip",
]

[[package]]
name = "umineko-protocol-ntp"
version = "0.1.0"

[[package]]
name = "umineko-protocol-oauth"
version = "0.1.0"
dependencies = [
 "umineko-protocol-http",
 "umineko-url",
]

[[package]]
name = "umineko-protocol-pop3"
version = "0.1.0"

[[package]]
name = "umineko-protocol-quic"
version = "0.1.0"
dependencies = [
 "umineko-helpers",
 "umineko-protocol-tls",
]

[[package]]
name = "umineko-protocol-smtp"
version = "0.1.0"

[[package]]
name = "umineko-protocol-socks"
version = "0.1.0"

[[package]]
name = "umineko-protocol-ssh"
version = "0.1.0"

[[package]]
name = "umineko-protocol-tcp"
version = "0.1.0"
dependencies = [
 "umineko-helpers",
 "umineko-protocol-ip",
]

[[package]]
name = "umineko-protocol-tls"
version = "0.1.0"
dependencies = [
 "umineko-helpers",
]

[[package]]
name = "umineko-protocol-udp"
version = "0.1.0"
dependencies = [
 "umineko-helpers",
 "umineko-protocol-ip",
]

[[package]]
name = "umineko-protocol-uds"
version = "0.1.0"
dependencies = [
 "umineko-helpers",
]

[[package]]
name = "umineko-provider"
version = "0.1.0"
dependencies = [
 "umineko-helpers",
 "umineko-protocol-dns",
 "umineko-protocol-http",
 "umineko-protocol-icmp",
 "umineko-protocol-ip",
 "umineko-protocol-quic",
 "umineko-protocol-tcp",
 "umineko-protocol-tls",
 "umineko-protocol-udp",
 "umineko-protocol-uds",
]

[[package]]
name = "umineko-provider-android"
version = "0.1.0"
dependencies = [
 "umineko-protocol-icmp",
 "umineko-protocol-ip",
 "umineko-protocol-tcp",
 "umineko-protocol-udp",
 "umineko-protocol-uds",
 "umineko-provider",
]

[[package]]
name = "umineko-provider-auto"
version = "0.1.0"
dependencies = [
 "umineko-provider",
 "umineko-provider-android",
 "umineko-provider-darwin",
 "umineko-provider-freebsd",
 "umineko-provider-linux",
 "umineko-provider-netbsd",
 "umineko-provider-openbsd",
 "umineko-provider-wasi",
 "umineko-provider-windows",
]

[[package]]
name = "umineko-provider-darwin"
version = "0.1.0"
dependencies = [
 "umineko-protocol-icmp",
 "umineko-protocol-ip",
 "umineko-protocol-quic",
 "umineko-protocol-tcp",
 "umineko-protocol-tls",
 "umineko-protocol-udp",
 "umineko-protocol-uds",
 "umineko-provider",
]

[[package]]
name = "umineko-provider-freebsd"
version = "0.1.0"
dependencies = [
 "umineko-protocol-icmp",
 "umineko-protocol-ip",
 "umineko-protocol-tcp",
 "umineko-protocol-tls",
 "umineko-protocol-udp",
 "umineko-protocol-uds",
 "umineko-provider",
]

[[package]]
name = "umineko-provider-linux"
version = "0.1.0"
dependencies = [
 "umineko-protocol-icmp",
 "umineko-protocol-ip",
 "umineko-protocol-tcp",
 "umineko-protocol-tls",
 "umineko-protocol-udp",
 "umineko-protocol-uds",
 "umineko-provider",
]

[[package]]
name = "umineko-provider-netbsd"
version = "0.1.0"
dependencies = [
 "umineko-protocol-icmp",
 "umineko-protocol-ip",
 "umineko-protocol-tcp",
 "umineko-protocol-tls",
 "umineko-protocol-udp",
 "umineko-protocol-uds",
 "umineko-provider",
]

[[package]]
name = "umineko-provider-openbsd"
version = "0.1.0"
dependencies = [
 "umineko-protocol-icmp",
 "umineko-protocol-ip",
 "umineko-protocol-tcp",
 "umineko-protocol-tls",
 "umineko-protocol-udp",
 "umineko-protocol-uds",
 "umineko-provider",
]

[[package]]
name = "umineko-provider-wasi"
version = "0.1.0"
dependencies = [
 "umineko-protocol-http",
 "umineko-protocol-tcp",
 "umineko-protocol-udp",
 "umineko-provider",
]

[[package]]
name = "umineko-provider-windows"
version = "0.1.0"
dependencies = [
 "umineko-protocol-icmp",
 "umineko-protocol-ip",
 "umineko-protocol-quic",
 "umineko-protocol-tcp",
 "umineko-protocol-tls",
 "umineko-protocol-udp",
 "umineko-protocol-uds",
 "umineko-provider",
]

[[package]]
name = "umineko-url"
version = "0.1.0"
